
Microsoft Visual Studio Solution File, Format Version 12.00
# Visual Studio 15
VisualStudioVersion = 15.0.27703.2047
MinimumVisualStudioVersion = 10.0.40219.1
Project("{FAE04EC0-301F-11D3-BF4B-00C04F79EFBC}") = "Local_Api2", "Local_Api2\Local_Api2.csproj", "{BA041566-3B44-4952-A6C1-9C213477AFB4}"
EndProject
Global
	GlobalSection(SolutionConfigurationPlatforms) = preSolution
		Debug|Any CPU = Debug|Any CPU
		Release|Any CPU = Release|Any CPU
	EndGlobalSection
	GlobalSection(ProjectConfigurationPlatforms) = postSolution
		{BA041566-3B44-4952-A6C1-9C213477AFB4}.Debug|Any CPU.ActiveCfg = Debug|Any CPU
		{BA041566-3B44-4952-A6C1-9C213477AFB4}.Debug|Any CPU.Build.0 = Debug|Any CPU
		{BA041566-3B44-4952-A6C1-9C213477AFB4}.Release|Any CPU.ActiveCfg = Release|Any CPU
		{BA041566-3B44-4952-A6C1-9C213477AFB4}.Release|Any CPU.Build.0 = Release|Any CPU
	EndGlobalSection
	GlobalSection(SolutionProperties) = preSolution
		HideSolutionNode = FALSE
	EndGlobalSection
	GlobalSection(ExtensibilityGlobals) = postSolution
		SolutionGuid = {741FAB81-0065-490A-878E-A18DF26A9D53}
	EndGlobalSection
EndGlobal
